
Microsoft Visual Studio Solution File, Format Version 12.00
# Visual Studio Version 16
VisualStudioVersion = 16.0.32126.315
MinimumVisualStudioVersion = 10.0.40219.1
Project("{2150E333-8FDC-42A3-9474-1A3956D46DE8}") = "Project", "Project", "{DCC75746-FF28-44E9-8CCD-94ACBBDC02F0}"
EndProject
Project("{2150E333-8FDC-42A3-9474-1A3956D46DE8}") = "Foundation", "Foundation", "{F03B95CE-EF14-4B55-B40C-461C0E5D3F64}"
EndProject
Project("{2150E333-8FDC-42A3-9474-1A3956D46DE8}") = "Feature", "Feature", "{A2FE1DA0-A5E4-40FA-9426-93C69DC080C2}"
EndProject
Project("{2150E333-8FDC-42A3-9474-1A3956D46DE8}") = "CTS", "CTS", "{EA5DF54E-FA23-4047-B96E-3A969D55FF38}"
EndProject
Project("{FAE04EC0-301F-11D3-BF4B-00C04F79EFBC}") = "Cts.Project.Cts", "src\project\CTS\Website\Cts.Project.Cts.csproj", "{063B185D-9893-421A-B222-515819E6E073}"
EndProject
Global
	GlobalSection(SolutionConfigurationPlatforms) = preSolution
		Debug|Any CPU = Debug|Any CPU
		Release|Any CPU = Release|Any CPU
	EndGlobalSection
	GlobalSection(ProjectConfigurationPlatforms) = postSolution
		{063B185D-9893-421A-B222-515819E6E073}.Debug|Any CPU.ActiveCfg = Debug|Any CPU
		{063B185D-9893-421A-B222-515819E6E073}.Debug|Any CPU.Build.0 = Debug|Any CPU
		{063B185D-9893-421A-B222-515819E6E073}.Release|Any CPU.ActiveCfg = Release|Any CPU
		{063B185D-9893-421A-B222-515819E6E073}.Release|Any CPU.Build.0 = Release|Any CPU
	EndGlobalSection
	GlobalSection(SolutionProperties) = preSolution
		HideSolutionNode = FALSE
	EndGlobalSection
	GlobalSection(NestedProjects) = preSolution
		{EA5DF54E-FA23-4047-B96E-3A969D55FF38} = {DCC75746-FF28-44E9-8CCD-94ACBBDC02F0}
		{063B185D-9893-421A-B222-515819E6E073} = {EA5DF54E-FA23-4047-B96E-3A969D55FF38}
	EndGlobalSection
	GlobalSection(ExtensibilityGlobals) = postSolution
		EnterpriseLibraryConfigurationToolBinariesPathV6 = packages\EnterpriseLibrary.Common.6.0.1304.0\lib\NET45;packages\EnterpriseLibrary.TransientFaultHandling.6.0.1304.0\lib\portable-net45+win+wp8;packages\EnterpriseLibrary.TransientFaultHandling.Caching.6.0.1304.0\lib\NET45;packages\EnterpriseLibrary.TransientFaultHandling.Data.6.0.1304.1\lib\NET45;packages\EnterpriseLibrary.TransientFaultHandling.ServiceBus.6.0.1304.0\lib\NET45;packages\EnterpriseLibrary.TransientFaultHandling.WindowsAzure.Storage.6.0.1304.0\lib\NET45;packages\EnterpriseLibrary.TransientFaultHandling.Configuration.6.0.1304.0\lib\NET45
		SolutionGuid = {C7D198E4-C5C2-4EF2-97DD-4EE3B5712E3B}
	EndGlobalSection
EndGlobal
